{
  "projects": [
    {
      "projectId": "28Ba3BDvRe7EiWdfFNnLB6",
      "version": "2.22.0",
      "dependencies": {},
      "lang": "ts",
      "fileLocks": [
        {
          "assetId": "28Ba3BDvRe7EiWdfFNnLB6",
          "type": "projectCss",
          "checksum": "e1ec850476829c38b0f9b6d4f7ac446a"
        }
      ],
      "codegenVersion": "0.0.1"
    },
    {
      "projectId": "7nJ7UcFmq9UzB6eXfC5z4a",
      "version": "0.17.0",
      "dependencies": {},
      "lang": "ts",
      "fileLocks": [
        {
          "assetId": "7nJ7UcFmq9UzB6eXfC5z4a",
          "type": "projectCss",
          "checksum": "05587b57f22f0ec8bb54543deb39762e"
        }
      ],
      "codegenVersion": "0.0.1"
    },
    {
      "projectId": "mazsTSCdeXMvNewzsED8CP",
      "version": "latest",
      "dependencies": {
        "7nJ7UcFmq9UzB6eXfC5z4a": "0.17.0",
        "28Ba3BDvRe7EiWdfFNnLB6": "2.22.0",
        "ohDidvG9XsCeFumugENU3J": "4.4.0",
        "jkU633o1Cz7HrJdwdxhVHk": "15.0.0",
        "r3ASNrnyvLLLAtDvzUioQ": "3.15.0",
        "caTPwKxj5ZrD9LQ7DMdK4Z": "3.19.0"
      },
      "lang": "ts",
      "fileLocks": [
        {
          "type": "globalVariant",
          "assetId": "QBGzfD819Z3t3",
          "checksum": "df3f1e9f70b90698e67466c34f1a3617"
        },
        {
          "type": "renderModule",
          "assetId": "2kkee5R7hDuz",
          "checksum": "6e2328afec49e6c5d99c3a27d63fa14d"
        },
        {
          "type": "cssRules",
          "assetId": "2kkee5R7hDuz",
          "checksum": "6e2328afec49e6c5d99c3a27d63fa14d"
        },
        {
          "type": "icon",
          "assetId": "zxi_Ue-llI",
          "checksum": "38d196ad1fcb0aba04e393c9e1991610"
        },
        {
          "type": "icon",
          "assetId": "eF-LJINYIR",
          "checksum": "f9d9d26ff0318d24dfc7076a25ab50b8"
        },
        {
          "type": "icon",
          "assetId": "o_9c7ekfRq",
          "checksum": "6cb729221f5f60ef2f6552b060bd0d98"
        },
        {
          "type": "icon",
          "assetId": "x6ukARmjpS",
          "checksum": "311b2e6b97f050ecedcdb5f46fc06f70"
        },
        {
          "type": "icon",
          "assetId": "OP9sVAMilF",
          "checksum": "d1cd0429be9e6f542013933e572f9b84"
        },
        {
          "type": "icon",
          "assetId": "KmthYfnQUS",
          "checksum": "c5ccd4aa8805ec701c4b3bc0dd07feb2"
        },
        {
          "type": "icon",
          "assetId": "a7fWEtdh_m",
          "checksum": "08bfc7f4b0a48504c45abcb2399bf82d"
        },
        {
          "type": "icon",
          "assetId": "VzvMwKKQ1a",
          "checksum": "8e39175581929c8bbdbb0711b1f5d484"
        },
        {
          "type": "icon",
          "assetId": "KLL8rlOJRh",
          "checksum": "3a2038e1f45725b21efc87c9e0773bfa"
        },
        {
          "type": "image",
          "assetId": "YyXvKL6IL",
          "checksum": "6b7c7f10db1d16208ffcaad6bb0c30d7"
        },
        {
          "type": "image",
          "assetId": "mPojIUNlK",
          "checksum": "197d94bcee671f7694e5c0f8813f2274"
        },
        {
          "type": "image",
          "assetId": "KZ950uX6v",
          "checksum": "94c931de224e863c8ef1c39b827bc958"
        },
        {
          "type": "image",
          "assetId": "JD0pYdHy7",
          "checksum": "a7eff57e9ce7ec2eab988c944d2271fd"
        },
        {
          "type": "renderModule",
          "assetId": "Z0pRxdl5sa",
          "checksum": "3e98dc551b8eff7a6d150bd12e61d285"
        },
        {
          "type": "cssRules",
          "assetId": "Z0pRxdl5sa",
          "checksum": "3e98dc551b8eff7a6d150bd12e61d285"
        },
        {
          "type": "icon",
          "assetId": "Vsh1JbJgG5",
          "checksum": "49b2f07bd2caea06a55d9340a1b80d96"
        },
        {
          "type": "icon",
          "assetId": "F5gVYOG9tO",
          "checksum": "9d538b0481d9adea07afc822c7873fcb"
        },
        {
          "type": "renderModule",
          "assetId": "i1n34K5kn_z",
          "checksum": "32bee62fcfc24a1c8ca33cbe72782b14"
        },
        {
          "type": "cssRules",
          "assetId": "i1n34K5kn_z",
          "checksum": "32bee62fcfc24a1c8ca33cbe72782b14"
        },
        {
          "type": "renderModule",
          "assetId": "Gt-Lz5BwtAt",
          "checksum": "67126adcdcbbd00eeab49f1598570fff"
        },
        {
          "type": "cssRules",
          "assetId": "Gt-Lz5BwtAt",
          "checksum": "67126adcdcbbd00eeab49f1598570fff"
        },
        {
          "type": "icon",
          "assetId": "f56tcMEMxe4",
          "checksum": "8227ba72282fe46acdc744520f6ddaa8"
        },
        {
          "type": "icon",
          "assetId": "1I82Ralll34",
          "checksum": "1f0c2601f888ad27152fd0a68067656e"
        },
        {
          "type": "icon",
          "assetId": "m0QQT_49MIS",
          "checksum": "f86189c664fc66146e9fc642a829a674"
        },
        {
          "type": "image",
          "assetId": "HGlSaLjAs",
          "checksum": "fb1c57a4b89dce7bf60ddba272fb5c38"
        },
        {
          "type": "image",
          "assetId": "l1tr5BmAP",
          "checksum": "5c97dd25a289200e550ee5006c966d3a"
        },
        {
          "type": "image",
          "assetId": "SQPp6e1Fw",
          "checksum": "11124e10dc2e5915657791631228f04c"
        },
        {
          "type": "renderModule",
          "assetId": "GYtZRuZNRU",
          "checksum": "e9af50d71a51fef8273e976161fc55a1"
        },
        {
          "type": "cssRules",
          "assetId": "GYtZRuZNRU",
          "checksum": "e9af50d71a51fef8273e976161fc55a1"
        },
        {
          "type": "icon",
          "assetId": "rn5oD25wmM",
          "checksum": "3b656744c488fca9d019d77eb0810ea6"
        },
        {
          "type": "image",
          "assetId": "TE7hb2hHN",
          "checksum": "4ff2360804c57b830a6e79b5a34294fe"
        },
        {
          "type": "image",
          "assetId": "AxtR56i_O",
          "checksum": "49167987de210adabe1e5d871be088f6"
        },
        {
          "type": "icon",
          "assetId": "ue3envAm7I",
          "checksum": "78d4de46bce61c0518dcd503004115d9"
        },
        {
          "type": "icon",
          "assetId": "jj3V4MmrRO",
          "checksum": "cffd9be1d1642c5234e3952dcc94fef4"
        },
        {
          "type": "icon",
          "assetId": "d11xSBFAIc",
          "checksum": "c417da60eeac8b18e45ce485e6ea912c"
        },
        {
          "type": "icon",
          "assetId": "HdY_vWMIj2",
          "checksum": "6fbd90dc5bd52037e086e096a523ed07"
        },
        {
          "type": "image",
          "assetId": "uBFoqJ7dd",
          "checksum": "1f71b3d11789ac3db22a64ff40736b9b"
        },
        {
          "type": "image",
          "assetId": "LtgxLjliy",
          "checksum": "ae125e56336b879113cda51f0d0ce6b8"
        },
        {
          "type": "icon",
          "assetId": "zXZ3XcPzrU",
          "checksum": "978ec09d3f3a7003f0599a40434278ba"
        },
        {
          "type": "image",
          "assetId": "h4iOzIhET",
          "checksum": "96673a6564f843e2526c1ce1b676d32e"
        },
        {
          "type": "image",
          "assetId": "7_ZKaQiyN",
          "checksum": "6cb05e6e555aa757abf8304d30eb4f3e"
        },
        {
          "assetId": "mazsTSCdeXMvNewzsED8CP",
          "checksum": "f1ed5418217cdf3c04bc6f4c2be64e50",
          "type": "globalContexts"
        },
        {
          "type": "renderModule",
          "assetId": "yDGFBarhsW",
          "checksum": "be25428cf59f5e7b39ba553769038e81"
        },
        {
          "type": "cssRules",
          "assetId": "yDGFBarhsW",
          "checksum": "be25428cf59f5e7b39ba553769038e81"
        },
        {
          "type": "renderModule",
          "assetId": "NCicNLzCjc",
          "checksum": "a68701ce87c7ee2d9afc626e0193486b"
        },
        {
          "type": "cssRules",
          "assetId": "NCicNLzCjc",
          "checksum": "a68701ce87c7ee2d9afc626e0193486b"
        },
        {
          "type": "renderModule",
          "assetId": "vrBPAsBs7q",
          "checksum": "f88cfdb632a1db054a45d3a30d136cfd"
        },
        {
          "type": "cssRules",
          "assetId": "vrBPAsBs7q",
          "checksum": "f88cfdb632a1db054a45d3a30d136cfd"
        },
        {
          "type": "renderModule",
          "assetId": "lfKNC0RMO_",
          "checksum": "26b7975a55576d099762ca6b575222c8"
        },
        {
          "type": "cssRules",
          "assetId": "lfKNC0RMO_",
          "checksum": "26b7975a55576d099762ca6b575222c8"
        },
        {
          "type": "renderModule",
          "assetId": "Jat-LigOLR",
          "checksum": "32d5dd5f021eda08f31d041af74d3839"
        },
        {
          "type": "cssRules",
          "assetId": "Jat-LigOLR",
          "checksum": "32d5dd5f021eda08f31d041af74d3839"
        },
        {
          "type": "renderModule",
          "assetId": "rueRHuGiXL",
          "checksum": "9058b70bf478cf714586a33d245f7cbf"
        },
        {
          "type": "cssRules",
          "assetId": "rueRHuGiXL",
          "checksum": "9058b70bf478cf714586a33d245f7cbf"
        },
        {
          "type": "renderModule",
          "assetId": "OVqjk0nNAZQ",
          "checksum": "870a38708e3ca2c26fe685b7cec7ef03"
        },
        {
          "type": "cssRules",
          "assetId": "OVqjk0nNAZQ",
          "checksum": "870a38708e3ca2c26fe685b7cec7ef03"
        },
        {
          "type": "renderModule",
          "assetId": "8v397mSlg-",
          "checksum": "f912d37d5d9f499753b5fbd406ddd7ce"
        },
        {
          "type": "cssRules",
          "assetId": "8v397mSlg-",
          "checksum": "f912d37d5d9f499753b5fbd406ddd7ce"
        },
        {
          "type": "icon",
          "assetId": "yxVuo-XHb-",
          "checksum": "4c7bfff285fa94ab17762288453dca41"
        },
        {
          "type": "icon",
          "assetId": "Zlge9B9cCO",
          "checksum": "3ac43b7ffac962144d882c12e59e52d3"
        },
        {
          "type": "icon",
          "assetId": "gVLgtkvi5O",
          "checksum": "552010f91a6dc41fd0efb8d8fdec1ad7"
        },
        {
          "type": "icon",
          "assetId": "DGAC4EtneT",
          "checksum": "c271f664249f3f3404dd0be32b4b8edb"
        },
        {
          "type": "image",
          "assetId": "EzIhJZyuQ",
          "checksum": "bee05f5ff9a58e81dd0752fd31becf0f"
        },
        {
          "type": "image",
          "assetId": "jkdmBK1Vw",
          "checksum": "b9fcba3cfbb1fb1f459f1fb9d31d6d16"
        },
        {
          "type": "image",
          "assetId": "FtZG6lsun",
          "checksum": "a9ed33bdc5800e5793a008e70a47b46f"
        },
        {
          "type": "renderModule",
          "assetId": "HjExHmE43ji",
          "checksum": "7845723d01ffc01c06c9331c0cf7dadd"
        },
        {
          "type": "cssRules",
          "assetId": "HjExHmE43ji",
          "checksum": "7845723d01ffc01c06c9331c0cf7dadd"
        },
        {
          "type": "renderModule",
          "assetId": "2Eus14HlTe",
          "checksum": "8da5bc850e5bdc640aa9d7b9baa37f07"
        },
        {
          "type": "cssRules",
          "assetId": "2Eus14HlTe",
          "checksum": "8da5bc850e5bdc640aa9d7b9baa37f07"
        },
        {
          "type": "renderModule",
          "assetId": "5Buw-2ZEH6",
          "checksum": "41a500bf1fdaa374efb0d1c7f10564e0"
        },
        {
          "type": "cssRules",
          "assetId": "5Buw-2ZEH6",
          "checksum": "41a500bf1fdaa374efb0d1c7f10564e0"
        },
        {
          "type": "renderModule",
          "assetId": "IVTbCxM9Wzl",
          "checksum": "b739971fc63f2fcddebd4a7fed199204"
        },
        {
          "type": "cssRules",
          "assetId": "IVTbCxM9Wzl",
          "checksum": "b739971fc63f2fcddebd4a7fed199204"
        },
        {
          "type": "image",
          "assetId": "zlFqlISFR",
          "checksum": "0ba5250f051f47fc69aa4ee751067022"
        },
        {
          "type": "image",
          "assetId": "9zNNjpY7C",
          "checksum": "cedc210c85693f9cb6c3515fd6cc9fd6"
        },
        {
          "type": "image",
          "assetId": "LsGN_S8MH",
          "checksum": "c9420cbab729b04fac1fd3d716dd6ccd"
        },
        {
          "type": "image",
          "assetId": "iVPkSeOT2",
          "checksum": "74f934bc28b7ad4eb5d9a03d4715b1dd"
        },
        {
          "type": "renderModule",
          "assetId": "j0txJ-a09lq",
          "checksum": "a622668e48e81bf17fc94ea70f8111b8"
        },
        {
          "type": "cssRules",
          "assetId": "j0txJ-a09lq",
          "checksum": "a622668e48e81bf17fc94ea70f8111b8"
        },
        {
          "type": "renderModule",
          "assetId": "_9j33abEC0S",
          "checksum": "711f799c926001c0a54fc40d106d6246"
        },
        {
          "type": "cssRules",
          "assetId": "_9j33abEC0S",
          "checksum": "711f799c926001c0a54fc40d106d6246"
        },
        {
          "type": "renderModule",
          "assetId": "zsM1caetHSr",
          "checksum": "460ee6e6390e3dd3af6e87068856fa62"
        },
        {
          "type": "cssRules",
          "assetId": "zsM1caetHSr",
          "checksum": "460ee6e6390e3dd3af6e87068856fa62"
        },
        {
          "type": "renderModule",
          "assetId": "yZECew2bO7I",
          "checksum": "c22da1e9355256fde78b4cea7aaed1b2"
        },
        {
          "type": "cssRules",
          "assetId": "yZECew2bO7I",
          "checksum": "c22da1e9355256fde78b4cea7aaed1b2"
        },
        {
          "type": "renderModule",
          "assetId": "gr0XLr-NHHB",
          "checksum": "2c4f42b31cd25bd3445850c4aa22524d"
        },
        {
          "type": "cssRules",
          "assetId": "gr0XLr-NHHB",
          "checksum": "2c4f42b31cd25bd3445850c4aa22524d"
        },
        {
          "type": "renderModule",
          "assetId": "jZlBan-H0ne",
          "checksum": "77efc03f7a0cd8483d1673e0dee99449"
        },
        {
          "type": "cssRules",
          "assetId": "jZlBan-H0ne",
          "checksum": "77efc03f7a0cd8483d1673e0dee99449"
        },
        {
          "type": "renderModule",
          "assetId": "Eo1V8pvEL6m",
          "checksum": "6181533e9e75629bed0b2d562dd960c9"
        },
        {
          "type": "cssRules",
          "assetId": "Eo1V8pvEL6m",
          "checksum": "6181533e9e75629bed0b2d562dd960c9"
        },
        {
          "type": "image",
          "assetId": "cPMCZA3Ao",
          "checksum": "f3fd2bcf11e134d6baab9a7811622b16"
        },
        {
          "type": "image",
          "assetId": "n3tXFRaJH",
          "checksum": "659368758db71cfe8c420df4dc7eee2f"
        },
        {
          "type": "image",
          "assetId": "P_RRSGboI",
          "checksum": "92e1c1d1e662a32188504892428c31dc"
        },
        {
          "type": "image",
          "assetId": "gZSr63nzc",
          "checksum": "02e736c980c4bac4400ba78bc5398673"
        },
        {
          "type": "image",
          "assetId": "nkdNVR35V",
          "checksum": "e06525da347d750b17bfd052641ce9f5"
        },
        {
          "type": "image",
          "assetId": "cseTdlcL0",
          "checksum": "e7287d37bc274a2c4ce2bd69c6dd0794"
        },
        {
          "type": "image",
          "assetId": "1Ga0t1YZK",
          "checksum": "a167127f8455cbbffb97c41dbb932e2b"
        },
        {
          "type": "image",
          "assetId": "21NzUOId8",
          "checksum": "82399c0cb573d121cda652e0e906e7e3"
        },
        {
          "type": "image",
          "assetId": "HqY6tqgWG",
          "checksum": "7dff2c342079f357ecf05ddffe5a5dd4"
        },
        {
          "type": "image",
          "assetId": "S-yqfhjDS",
          "checksum": "01d71f0444612fc273aca27af32aa700"
        },
        {
          "type": "image",
          "assetId": "He9Fc2zOd",
          "checksum": "e85329dbb7beb0a49ff22159bb5eb6d5"
        },
        {
          "type": "image",
          "assetId": "p9Q0tvFDN",
          "checksum": "b8917168635d66c1807965a91a987ac7"
        },
        {
          "type": "image",
          "assetId": "IMxRtdFp8",
          "checksum": "b7b852e97b86effe8bebc29a8d14ff39"
        },
        {
          "type": "image",
          "assetId": "lJCJbFvYJ",
          "checksum": "3abcb38f97cefba50fec2ebd2b900d06"
        },
        {
          "type": "image",
          "assetId": "_hc7UFy0n",
          "checksum": "42df0633e738b42eae0c44b33184084e"
        },
        {
          "type": "image",
          "assetId": "3LtHFpDaN",
          "checksum": "98ff7396e9180cf701874c800e6175c6"
        },
        {
          "type": "image",
          "assetId": "Vq8xDlhRG",
          "checksum": "0fafd79288832ddf506be843af1df4cb"
        },
        {
          "type": "image",
          "assetId": "0e1bbB4w2",
          "checksum": "2112dec0ae531abe39a561e8a407ecfc"
        },
        {
          "type": "image",
          "assetId": "bvJgFRg3p",
          "checksum": "d7015c9b7f92b8ab2c412ad170d033ca"
        },
        {
          "type": "image",
          "assetId": "5w2tj63Yj",
          "checksum": "c5f9e3248a249cac3aa3e9b7dde133c7"
        },
        {
          "type": "image",
          "assetId": "V-_N1Y2qC",
          "checksum": "55aa1cdb68f7c155f6ffb8f55022fd18"
        },
        {
          "type": "image",
          "assetId": "ULlfe98rO",
          "checksum": "efb46a0697af060c243aae831d17f3fa"
        },
        {
          "type": "image",
          "assetId": "mgc20TqIf",
          "checksum": "715c0556edc73b6fc9e44e4726437f34"
        },
        {
          "type": "image",
          "assetId": "WjiZGs5SJ",
          "checksum": "01893f34a546ee842f4558edfb3a13e6"
        },
        {
          "type": "image",
          "assetId": "tFO3bUkFA",
          "checksum": "c7661ff5e4903e47c2f715394a1619a1"
        },
        {
          "type": "image",
          "assetId": "MK65noO_L",
          "checksum": "d30892cc284de4ba209a3078a541c6b7"
        },
        {
          "type": "image",
          "assetId": "W636fRpfi",
          "checksum": "7870685236cbad20e0cf85d5d6b88c9d"
        },
        {
          "type": "image",
          "assetId": "g0x7pAZFZ",
          "checksum": "064cfd00541e3cf19d00a688ba64ff9d"
        },
        {
          "type": "image",
          "assetId": "V7Q97FeGu",
          "checksum": "a957062aee487877957f89f57aa90f68"
        },
        {
          "type": "image",
          "assetId": "ZJfD691Uq",
          "checksum": "e2c65a45f3b973a2d7e0ab2596c22db8"
        },
        {
          "type": "image",
          "assetId": "2uewQlRK9",
          "checksum": "edbe8bbe38d88413ec52d9e439cdf243"
        },
        {
          "type": "image",
          "assetId": "jDi6aGeyD",
          "checksum": "21877ae3535a1faa74505a18fe5ffeb0"
        },
        {
          "type": "image",
          "assetId": "lzTIRIeml",
          "checksum": "1c2482512119364bc1ecad11fc1dd715"
        },
        {
          "type": "image",
          "assetId": "ePPR8j7Tk",
          "checksum": "e17a007c09b03cc105ea09c99c94e697"
        },
        {
          "type": "image",
          "assetId": "UlhuJAVVE",
          "checksum": "cfea4c5d7cd5a62bcb86c23569ea49ab"
        },
        {
          "type": "image",
          "assetId": "F5wC14jRK",
          "checksum": "ddc754b23aca345aca3e4051b785cd6c"
        },
        {
          "type": "image",
          "assetId": "lyrc_0cqr",
          "checksum": "b24eb01caa7c64e88f4c38c21b24054f"
        },
        {
          "type": "image",
          "assetId": "QxYdZR8Hy",
          "checksum": "2528930fe93b267a71c861603b89dce8"
        },
        {
          "type": "image",
          "assetId": "a5VovoAdK",
          "checksum": "3fe83f0da7cadb5b870738a1c630576e"
        },
        {
          "type": "icon",
          "assetId": "w8Y57Hvvpk",
          "checksum": "a4027ffd4a04dc3d8923fc1fd3be1011"
        },
        {
          "type": "image",
          "assetId": "-b3XVpFnf",
          "checksum": "86c4b3b53b26cc4b899c1a9af0502022"
        },
        {
          "type": "image",
          "assetId": "Tpwe4yn86",
          "checksum": "3f7f22b3bad5658ff0aac0769b54cd96"
        },
        {
          "type": "image",
          "assetId": "Tla2NL74C",
          "checksum": "bb04dc4651ee298c5d61063b3ab86c32"
        },
        {
          "type": "image",
          "assetId": "WLWGNWkrB",
          "checksum": "a1640d4ca2d93f06cac6bf125871cd27"
        },
        {
          "type": "image",
          "assetId": "t2F5M7F8r",
          "checksum": "9101d556a662365a943212f684ee97f6"
        },
        {
          "type": "image",
          "assetId": "9CUnBF-Lo",
          "checksum": "9af0e88275cfee9e13af8090cfbd70cf"
        },
        {
          "type": "image",
          "assetId": "LWH_L_Kph",
          "checksum": "e7a7231be6f73533abb9ea2f769c7e3b"
        },
        {
          "type": "image",
          "assetId": "ZzKsyUwpW",
          "checksum": "38dc8a56326803af7782e45e3068e58a"
        },
        {
          "type": "image",
          "assetId": "3oNP1oSfj",
          "checksum": "441f250feebed4a93b4e583fac47244e"
        },
        {
          "type": "image",
          "assetId": "uyg9h1W7A",
          "checksum": "d81a15393df460e8e06a7a8315131ad7"
        },
        {
          "type": "image",
          "assetId": "SYG53sozQ",
          "checksum": "a7a05d3de8d5ccdeabf42b4ebca56ac1"
        },
        {
          "type": "image",
          "assetId": "0IHFB9LYF",
          "checksum": "f7ae8ff6455c1aa4e14ce1364b57e165"
        },
        {
          "type": "image",
          "assetId": "0eAlNkF1X",
          "checksum": "f31ed18b65a5cbd3fc194c71fac52bf1"
        },
        {
          "type": "image",
          "assetId": "ZjoPD3vDd",
          "checksum": "17eba802aa353ee442461536624a69ba"
        },
        {
          "type": "image",
          "assetId": "qIRWFJuOo",
          "checksum": "3ab744cc0fa6324a998701f03a5fa9e8"
        },
        {
          "type": "image",
          "assetId": "jbjpN0yom",
          "checksum": "7c01c6740ff1901e0aa0ec3285920877"
        },
        {
          "type": "image",
          "assetId": "5Hn5avuwa",
          "checksum": "b619ba3b9ecdcac5a3f3b1701539ca98"
        },
        {
          "assetId": "mazsTSCdeXMvNewzsED8CP",
          "type": "projectCss",
          "checksum": "e73090548157f72faa87c4b2d66e219d"
        }
      ],
      "codegenVersion": "0.0.1"
    },
    {
      "projectId": "jkU633o1Cz7HrJdwdxhVHk",
      "version": "15.0.0",
      "dependencies": {},
      "lang": "ts",
      "fileLocks": [
        {
          "assetId": "jkU633o1Cz7HrJdwdxhVHk",
          "type": "projectCss",
          "checksum": "e1ec850476829c38b0f9b6d4f7ac446a"
        }
      ],
      "codegenVersion": "0.0.1"
    },
    {
      "projectId": "ohDidvG9XsCeFumugENU3J",
      "version": "4.4.0",
      "dependencies": {},
      "lang": "ts",
      "fileLocks": [
        {
          "assetId": "ohDidvG9XsCeFumugENU3J",
          "checksum": "8f45a75070e2f0edc34a4dc3d5f6b736",
          "type": "globalContexts"
        },
        {
          "assetId": "ohDidvG9XsCeFumugENU3J",
          "type": "projectCss",
          "checksum": "fd83b730367fdbde2c69bc6cf31c2a3c"
        }
      ],
      "codegenVersion": "0.0.1"
    },
    {
      "projectId": "r3ASNrnyvLLLAtDvzUioQ",
      "version": "3.15.0",
      "dependencies": {},
      "lang": "ts",
      "fileLocks": [
        {
          "assetId": "r3ASNrnyvLLLAtDvzUioQ",
          "type": "projectCss",
          "checksum": "97ec772be5160e37b26814fd84fdccb9"
        }
      ],
      "codegenVersion": "0.0.1"
    },
    {
      "projectId": "caTPwKxj5ZrD9LQ7DMdK4Z",
      "version": "3.19.0",
      "dependencies": {},
      "lang": "ts",
      "fileLocks": [
        {
          "assetId": "caTPwKxj5ZrD9LQ7DMdK4Z",
          "type": "projectCss",
          "checksum": "9fe64c4dd8439ba4d2df6de161f0ad40"
        }
      ],
      "codegenVersion": "0.0.1"
    }
  ],
  "cliVersion": "0.1.215"
}
