{
  "projects": [
    {
      "projectId": "28Ba3BDvRe7EiWdfFNnLB6",
      "version": "2.18.0",
      "dependencies": {},
      "lang": "ts",
      "fileLocks": [
        {
          "assetId": "28Ba3BDvRe7EiWdfFNnLB6",
          "type": "projectCss",
          "checksum": "acc49002cf2bb27c825cd645bcdb7311"
        }
      ],
      "codegenVersion": "0.0.1"
    },
    {
      "projectId": "7nJ7UcFmq9UzB6eXfC5z4a",
      "version": "0.13.0",
      "dependencies": {},
      "lang": "ts",
      "fileLocks": [
        {
          "assetId": "7nJ7UcFmq9UzB6eXfC5z4a",
          "type": "projectCss",
          "checksum": "620158b11d2acad6742550afabaf3e3e"
        }
      ],
      "codegenVersion": "0.0.1"
    },
    {
      "projectId": "mazsTSCdeXMvNewzsED8CP",
      "version": "latest",
      "dependencies": {
        "7nJ7UcFmq9UzB6eXfC5z4a": "0.13.0",
        "28Ba3BDvRe7EiWdfFNnLB6": "2.18.0"
      },
      "lang": "ts",
      "fileLocks": [
        {
          "type": "globalVariant",
          "assetId": "QBGzfD819Z3t3",
          "checksum": "df3f1e9f70b90698e67466c34f1a3617"
        },
        {
          "type": "renderModule",
          "assetId": "2kkee5R7hDuz",
          "checksum": "0a61de2e58ac0e89ca347b86291e6cd1"
        },
        {
          "type": "cssRules",
          "assetId": "2kkee5R7hDuz",
          "checksum": "0a61de2e58ac0e89ca347b86291e6cd1"
        },
        {
          "type": "icon",
          "assetId": "zxi_Ue-llI",
          "checksum": "38d196ad1fcb0aba04e393c9e1991610"
        },
        {
          "type": "icon",
          "assetId": "eF-LJINYIR",
          "checksum": "f9d9d26ff0318d24dfc7076a25ab50b8"
        },
        {
          "type": "icon",
          "assetId": "o_9c7ekfRq",
          "checksum": "6cb729221f5f60ef2f6552b060bd0d98"
        },
        {
          "type": "icon",
          "assetId": "x6ukARmjpS",
          "checksum": "311b2e6b97f050ecedcdb5f46fc06f70"
        },
        {
          "type": "icon",
          "assetId": "OP9sVAMilF",
          "checksum": "d1cd0429be9e6f542013933e572f9b84"
        },
        {
          "type": "icon",
          "assetId": "KmthYfnQUS",
          "checksum": "c5ccd4aa8805ec701c4b3bc0dd07feb2"
        },
        {
          "type": "icon",
          "assetId": "a7fWEtdh_m",
          "checksum": "08bfc7f4b0a48504c45abcb2399bf82d"
        },
        {
          "type": "icon",
          "assetId": "VzvMwKKQ1a",
          "checksum": "8e39175581929c8bbdbb0711b1f5d484"
        },
        {
          "type": "icon",
          "assetId": "KLL8rlOJRh",
          "checksum": "3a2038e1f45725b21efc87c9e0773bfa"
        },
        {
          "type": "image",
          "assetId": "YyXvKL6IL",
          "checksum": "6b7c7f10db1d16208ffcaad6bb0c30d7"
        },
        {
          "type": "image",
          "assetId": "mPojIUNlK",
          "checksum": "197d94bcee671f7694e5c0f8813f2274"
        },
        {
          "type": "image",
          "assetId": "KZ950uX6v",
          "checksum": "94c931de224e863c8ef1c39b827bc958"
        },
        {
          "type": "image",
          "assetId": "JD0pYdHy7",
          "checksum": "a7eff57e9ce7ec2eab988c944d2271fd"
        },
        {
          "type": "renderModule",
          "assetId": "Z0pRxdl5sa",
          "checksum": "66f9fabf34579ee3afa131c7dfd42478"
        },
        {
          "type": "cssRules",
          "assetId": "Z0pRxdl5sa",
          "checksum": "66f9fabf34579ee3afa131c7dfd42478"
        },
        {
          "type": "icon",
          "assetId": "Vsh1JbJgG5",
          "checksum": "49b2f07bd2caea06a55d9340a1b80d96"
        },
        {
          "type": "icon",
          "assetId": "F5gVYOG9tO",
          "checksum": "9d538b0481d9adea07afc822c7873fcb"
        },
        {
          "type": "renderModule",
          "assetId": "i1n34K5kn_z",
          "checksum": "f5bbf0c3870be7c33f0051d61c012601"
        },
        {
          "type": "cssRules",
          "assetId": "i1n34K5kn_z",
          "checksum": "f5bbf0c3870be7c33f0051d61c012601"
        },
        {
          "type": "renderModule",
          "assetId": "Gt-Lz5BwtAt",
          "checksum": "0f986026917b57e67136b5db7ed59865"
        },
        {
          "type": "cssRules",
          "assetId": "Gt-Lz5BwtAt",
          "checksum": "0f986026917b57e67136b5db7ed59865"
        },
        {
          "type": "icon",
          "assetId": "f56tcMEMxe4",
          "checksum": "8227ba72282fe46acdc744520f6ddaa8"
        },
        {
          "type": "icon",
          "assetId": "1I82Ralll34",
          "checksum": "1f0c2601f888ad27152fd0a68067656e"
        },
        {
          "type": "icon",
          "assetId": "m0QQT_49MIS",
          "checksum": "f86189c664fc66146e9fc642a829a674"
        },
        {
          "type": "image",
          "assetId": "HGlSaLjAs",
          "checksum": "fb1c57a4b89dce7bf60ddba272fb5c38"
        },
        {
          "type": "image",
          "assetId": "l1tr5BmAP",
          "checksum": "5c97dd25a289200e550ee5006c966d3a"
        },
        {
          "type": "image",
          "assetId": "SQPp6e1Fw",
          "checksum": "11124e10dc2e5915657791631228f04c"
        },
        {
          "type": "renderModule",
          "assetId": "GYtZRuZNRU",
          "checksum": "ccbd7db681529a7c89868c0b76888cfa"
        },
        {
          "type": "cssRules",
          "assetId": "GYtZRuZNRU",
          "checksum": "ccbd7db681529a7c89868c0b76888cfa"
        },
        {
          "type": "icon",
          "assetId": "rn5oD25wmM",
          "checksum": "3b656744c488fca9d019d77eb0810ea6"
        },
        {
          "type": "image",
          "assetId": "TE7hb2hHN",
          "checksum": "4ff2360804c57b830a6e79b5a34294fe"
        },
        {
          "type": "image",
          "assetId": "AxtR56i_O",
          "checksum": "49167987de210adabe1e5d871be088f6"
        },
        {
          "type": "icon",
          "assetId": "ue3envAm7I",
          "checksum": "78d4de46bce61c0518dcd503004115d9"
        },
        {
          "type": "icon",
          "assetId": "jj3V4MmrRO",
          "checksum": "cffd9be1d1642c5234e3952dcc94fef4"
        },
        {
          "type": "icon",
          "assetId": "d11xSBFAIc",
          "checksum": "c417da60eeac8b18e45ce485e6ea912c"
        },
        {
          "type": "icon",
          "assetId": "HdY_vWMIj2",
          "checksum": "6fbd90dc5bd52037e086e096a523ed07"
        },
        {
          "type": "image",
          "assetId": "uBFoqJ7dd",
          "checksum": "1f71b3d11789ac3db22a64ff40736b9b"
        },
        {
          "type": "image",
          "assetId": "LtgxLjliy",
          "checksum": "ae125e56336b879113cda51f0d0ce6b8"
        },
        {
          "type": "icon",
          "assetId": "zXZ3XcPzrU",
          "checksum": "978ec09d3f3a7003f0599a40434278ba"
        },
        {
          "type": "image",
          "assetId": "h4iOzIhET",
          "checksum": "96673a6564f843e2526c1ce1b676d32e"
        },
        {
          "type": "image",
          "assetId": "7_ZKaQiyN",
          "checksum": "6cb05e6e555aa757abf8304d30eb4f3e"
        },
        {
          "assetId": "mazsTSCdeXMvNewzsED8CP",
          "type": "projectCss",
          "checksum": "99ed46aac4e79c45a4972ce7585e39e5"
        }
      ],
      "codegenVersion": "0.0.1"
    }
  ],
  "cliVersion": "0.1.215"
}
